
Microsoft Visual Studio Solution File, Format Version 12.00
# Visual Studio 15
VisualStudioVersion = 15.0.28307.421
MinimumVisualStudioVersion = 10.0.40219.1
Project("{FAE04EC0-301F-11D3-BF4B-00C04F79EFBC}") = "BLLViews", "BLLViews\BLLViews.csproj", "{FBAF5861-A84F-4674-A10D-9AE4D16A2322}"
EndProject
Global
	GlobalSection(SolutionConfigurationPlatforms) = preSolution
		Debug|Any CPU = Debug|Any CPU
		Release|Any CPU = Release|Any CPU
	EndGlobalSection
	GlobalSection(ProjectConfigurationPlatforms) = postSolution
		{FBAF5861-A84F-4674-A10D-9AE4D16A2322}.Debug|Any CPU.ActiveCfg = Debug|Any CPU
		{FBAF5861-A84F-4674-A10D-9AE4D16A2322}.Debug|Any CPU.Build.0 = Debug|Any CPU
		{FBAF5861-A84F-4674-A10D-9AE4D16A2322}.Release|Any CPU.ActiveCfg = Release|Any CPU
		{FBAF5861-A84F-4674-A10D-9AE4D16A2322}.Release|Any CPU.Build.0 = Release|Any CPU
	EndGlobalSection
	GlobalSection(SolutionProperties) = preSolution
		HideSolutionNode = FALSE
	EndGlobalSection
	GlobalSection(ExtensibilityGlobals) = postSolution
		SolutionGuid = {0D9CED0E-1C7B-4994-A75F-3F9A1BE17D9F}
	EndGlobalSection
EndGlobal
