
Microsoft Visual Studio Solution File, Format Version 12.00
# Visual Studio 15
VisualStudioVersion = 15.0.28307.421
MinimumVisualStudioVersion = 10.0.40219.1
Project("{FAE04EC0-301F-11D3-BF4B-00C04F79EFBC}") = "BLLandViews", "BLLandViews\BLLandViews.csproj", "{841FF3A9-6889-4FBB-905F-BB1A4AA47F67}"
EndProject
Global
	GlobalSection(SolutionConfigurationPlatforms) = preSolution
		Debug|Any CPU = Debug|Any CPU
		Release|Any CPU = Release|Any CPU
	EndGlobalSection
	GlobalSection(ProjectConfigurationPlatforms) = postSolution
		{841FF3A9-6889-4FBB-905F-BB1A4AA47F67}.Debug|Any CPU.ActiveCfg = Debug|Any CPU
		{841FF3A9-6889-4FBB-905F-BB1A4AA47F67}.Debug|Any CPU.Build.0 = Debug|Any CPU
		{841FF3A9-6889-4FBB-905F-BB1A4AA47F67}.Release|Any CPU.ActiveCfg = Release|Any CPU
		{841FF3A9-6889-4FBB-905F-BB1A4AA47F67}.Release|Any CPU.Build.0 = Release|Any CPU
	EndGlobalSection
	GlobalSection(SolutionProperties) = preSolution
		HideSolutionNode = FALSE
	EndGlobalSection
	GlobalSection(ExtensibilityGlobals) = postSolution
		SolutionGuid = {0D9CED0E-1C7B-4994-A75F-3F9A1BE17D9F}
	EndGlobalSection
EndGlobal
